
Microsoft Visual Studio Solution File, Format Version 12.00
# Visual Studio Version 16
VisualStudioVersion = 16.0.29418.71
MinimumVisualStudioVersion = 10.0.40219.1
Project("{FAE04EC0-301F-11D3-BF4B-00C04F79EFBC}") = "ConsoleApp1", "ConsoleApp1\ConsoleApp1.csproj", "{9F734612-9472-4224-8D9B-6365CE448D1A}"
EndProject
Global
	GlobalSection(SolutionConfigurationPlatforms) = preSolution
		Debug|Any CPU = Debug|Any CPU
		Release|Any CPU = Release|Any CPU
	EndGlobalSection
	GlobalSection(ProjectConfigurationPlatforms) = postSolution
		{9F734612-9472-4224-8D9B-6365CE448D1A}.Debug|Any CPU.ActiveCfg = Debug|Any CPU
		{9F734612-9472-4224-8D9B-6365CE448D1A}.Debug|Any CPU.Build.0 = Debug|Any CPU
		{9F734612-9472-4224-8D9B-6365CE448D1A}.Release|Any CPU.ActiveCfg = Release|Any CPU
		{9F734612-9472-4224-8D9B-6365CE448D1A}.Release|Any CPU.Build.0 = Release|Any CPU
	EndGlobalSection
	GlobalSection(SolutionProperties) = preSolution
		HideSolutionNode = FALSE
	EndGlobalSection
	GlobalSection(ExtensibilityGlobals) = postSolution
		SolutionGuid = {39DA5143-AEEE-41C4-880E-5E55BD27087A}
	EndGlobalSection
EndGlobal
